
Microsoft Visual Studio Solution File, Format Version 12.00
# Visual Studio Version 17
VisualStudioVersion = 17.4.33205.214
MinimumVisualStudioVersion = 10.0.40219.1
Project("{FAE04EC0-301F-11D3-BF4B-00C04F79EFBC}") = "ZK_IM_HelperBot", "ZK_IM_HelperBot\ZK_IM_HelperBot.csproj", "{FB6159F9-F5F1-4617-BF95-2B03CC570B9C}"
EndProject
Global
	GlobalSection(SolutionConfigurationPlatforms) = preSolution
		Debug|Any CPU = Debug|Any CPU
		Release|Any CPU = Release|Any CPU
	EndGlobalSection
	GlobalSection(ProjectConfigurationPlatforms) = postSolution
		{FB6159F9-F5F1-4617-BF95-2B03CC570B9C}.Debug|Any CPU.ActiveCfg = Debug|Any CPU
		{FB6159F9-F5F1-4617-BF95-2B03CC570B9C}.Debug|Any CPU.Build.0 = Debug|Any CPU
		{FB6159F9-F5F1-4617-BF95-2B03CC570B9C}.Release|Any CPU.ActiveCfg = Release|Any CPU
		{FB6159F9-F5F1-4617-BF95-2B03CC570B9C}.Release|Any CPU.Build.0 = Release|Any CPU
	EndGlobalSection
	GlobalSection(SolutionProperties) = preSolution
		HideSolutionNode = FALSE
	EndGlobalSection
	GlobalSection(ExtensibilityGlobals) = postSolution
		SolutionGuid = {889452A0-7768-4F4F-AAB2-155632F9C44D}
	EndGlobalSection
EndGlobal
